
Microsoft Visual Studio Solution File, Format Version 11.00
# Visual Studio 2010
Project("{FAE04EC0-301F-11D3-BF4B-00C04F79EFBC}") = "KartingApp.Domain", "KartingApp.Domain\KartingApp.Domain.csproj", "{A0899AE2-20DF-4C36-9AFB-74B2EF32A678}"
EndProject
Project("{FAE04EC0-301F-11D3-BF4B-00C04F79EFBC}") = "KartingApp.WebUI", "KartingApp.WebUI\KartingApp.WebUI.csproj", "{5BF9202A-C1D1-464B-9F2C-EDDBD3D7133A}"
EndProject
Project("{2150E333-8FDC-42A3-9474-1A3956D46DE8}") = "Solution Items", "Solution Items", "{BD3832B5-6ADD-4E19-99FA-461D98C8DE45}"
	ProjectSection(SolutionItems) = preProject
		KartingApp.vsmdi = KartingApp.vsmdi
		Local.testsettings = Local.testsettings
		TraceAndTestImpact.testsettings = TraceAndTestImpact.testsettings
	EndProjectSection
EndProject
Project("{FAE04EC0-301F-11D3-BF4B-00C04F79EFBC}") = "KartingApp.UnitTests", "KartingApp.UnitTests\KartingApp.UnitTests.csproj", "{D249CB0F-8DD2-4557-98FE-6ED0F3A60AB4}"
EndProject
Project("{2150E333-8FDC-42A3-9474-1A3956D46DE8}") = ".nuget", ".nuget", "{97D19F60-0F9E-40BB-8B50-B7FF17D31E28}"
	ProjectSection(SolutionItems) = preProject
		.nuget\NuGet.Config = .nuget\NuGet.Config
		.nuget\NuGet.exe = .nuget\NuGet.exe
		.nuget\NuGet.targets = .nuget\NuGet.targets
	EndProjectSection
EndProject
Global
	GlobalSection(TestCaseManagementSettings) = postSolution
		CategoryFile = KartingApp.vsmdi
	EndGlobalSection
	GlobalSection(SolutionConfigurationPlatforms) = preSolution
		Debug|Any CPU = Debug|Any CPU
		Release|Any CPU = Release|Any CPU
	EndGlobalSection
	GlobalSection(ProjectConfigurationPlatforms) = postSolution
		{A0899AE2-20DF-4C36-9AFB-74B2EF32A678}.Debug|Any CPU.ActiveCfg = Debug|Any CPU
		{A0899AE2-20DF-4C36-9AFB-74B2EF32A678}.Debug|Any CPU.Build.0 = Debug|Any CPU
		{A0899AE2-20DF-4C36-9AFB-74B2EF32A678}.Release|Any CPU.ActiveCfg = Release|Any CPU
		{A0899AE2-20DF-4C36-9AFB-74B2EF32A678}.Release|Any CPU.Build.0 = Release|Any CPU
		{5BF9202A-C1D1-464B-9F2C-EDDBD3D7133A}.Debug|Any CPU.ActiveCfg = Debug|Any CPU
		{5BF9202A-C1D1-464B-9F2C-EDDBD3D7133A}.Debug|Any CPU.Build.0 = Debug|Any CPU
		{5BF9202A-C1D1-464B-9F2C-EDDBD3D7133A}.Release|Any CPU.ActiveCfg = Release|Any CPU
		{5BF9202A-C1D1-464B-9F2C-EDDBD3D7133A}.Release|Any CPU.Build.0 = Release|Any CPU
		{D249CB0F-8DD2-4557-98FE-6ED0F3A60AB4}.Debug|Any CPU.ActiveCfg = Debug|Any CPU
		{D249CB0F-8DD2-4557-98FE-6ED0F3A60AB4}.Debug|Any CPU.Build.0 = Debug|Any CPU
		{D249CB0F-8DD2-4557-98FE-6ED0F3A60AB4}.Release|Any CPU.ActiveCfg = Release|Any CPU
		{D249CB0F-8DD2-4557-98FE-6ED0F3A60AB4}.Release|Any CPU.Build.0 = Release|Any CPU
	EndGlobalSection
	GlobalSection(SolutionProperties) = preSolution
		HideSolutionNode = FALSE
	EndGlobalSection
EndGlobal
